// !$*UTF8*$!
{
	archiveVersion = 1;
	classes = {
	};
	objectVersion = 46;
	objects = {

/* Begin PBXBuildFile section */
		45207D231C71B7170051E999 /* RJCustomPresentVC.swift in Sources */ = {isa = PBXBuildFile; fileRef = 45207D221C71B7170051E999 /* RJCustomPresentVC.swift */; };
		45207D261C71BC100051E999 /* BubbleTransition.swift in Sources */ = {isa = PBXBuildFile; fileRef = 45207D251C71BC100051E999 /* BubbleTransition.swift */; };
		45207D291C71C4830051E999 /* RJBubblePresentedVC.swift in Sources */ = {isa = PBXBuildFile; fileRef = 45207D281C71C4830051E999 /* RJBubblePresentedVC.swift */; };
		45D6549E1C4F7081002CC5D8 /* RJSignViewExampleVC.swift in Sources */ = {isa = PBXBuildFile; fileRef = 45D6549D1C4F7081002CC5D8 /* RJSignViewExampleVC.swift */; };
		45D654A01C4F7542002CC5D8 /* RJHomeCell.swift in Sources */ = {isa = PBXBuildFile; fileRef = 45D6549F1C4F7542002CC5D8 /* RJHomeCell.swift */; };
		45DE47931C96A33700D33077 /* RJUpDownPresentingVC.swift in Sources */ = {isa = PBXBuildFile; fileRef = 45DE47921C96A33700D33077 /* RJUpDownPresentingVC.swift */; };
		45DE47951C96A41500D33077 /* RJUpDownPresentedVC.swift in Sources */ = {isa = PBXBuildFile; fileRef = 45DE47941C96A41500D33077 /* RJUpDownPresentedVC.swift */; };
		45E0C1351C97E697005D8938 /* RJUpDownTransition.swift in Sources */ = {isa = PBXBuildFile; fileRef = 45E0C1341C97E697005D8938 /* RJUpDownTransition.swift */; };
		45E0C1381C97ED33005D8938 /* UIViewPosition.swift in Sources */ = {isa = PBXBuildFile; fileRef = 45E0C1371C97ED33005D8938 /* UIViewPosition.swift */; };
		45E53EE61C3F8C90001A50A1 /* AppDelegate.swift in Sources */ = {isa = PBXBuildFile; fileRef = 45E53EE51C3F8C90001A50A1 /* AppDelegate.swift */; };
		45E53EE81C3F8C90001A50A1 /* ARHomeViewController.swift in Sources */ = {isa = PBXBuildFile; fileRef = 45E53EE71C3F8C90001A50A1 /* ARHomeViewController.swift */; };
		45E53EEB1C3F8C90001A50A1 /* Main.storyboard in Resources */ = {isa = PBXBuildFile; fileRef = 45E53EE91C3F8C90001A50A1 /* Main.storyboard */; };
		45E53EEE1C3F8C90001A50A1 /* SwiftPractice.xcdatamodeld in Sources */ = {isa = PBXBuildFile; fileRef = 45E53EEC1C3F8C90001A50A1 /* SwiftPractice.xcdatamodeld */; };
		45E53EF01C3F8C90001A50A1 /* Assets.xcassets in Resources */ = {isa = PBXBuildFile; fileRef = 45E53EEF1C3F8C90001A50A1 /* Assets.xcassets */; };
		45E53EF31C3F8C90001A50A1 /* LaunchScreen.storyboard in Resources */ = {isa = PBXBuildFile; fileRef = 45E53EF11C3F8C90001A50A1 /* LaunchScreen.storyboard */; };
		45E53EFE1C3F8C91001A50A1 /* SwiftPracticeTests.swift in Sources */ = {isa = PBXBuildFile; fileRef = 45E53EFD1C3F8C91001A50A1 /* SwiftPracticeTests.swift */; };
		45E53F091C3F8C91001A50A1 /* SwiftPracticeUITests.swift in Sources */ = {isa = PBXBuildFile; fileRef = 45E53F081C3F8C91001A50A1 /* SwiftPracticeUITests.swift */; };
		45E5B8F21C48E11B00AFBAC5 /* RJSignView.swift in Sources */ = {isa = PBXBuildFile; fileRef = 45E5B8F11C48E11B00AFBAC5 /* RJSignView.swift */; };
		B89230CCD2459C46B0BB899E /* Pods.framework in Frameworks */ = {isa = PBXBuildFile; fileRef = 87CE52B69B49FBE07F7945A0 /* Pods.framework */; };
/* End PBXBuildFile section */

/* Begin PBXContainerItemProxy section */
		45E53EFA1C3F8C91001A50A1 /* PBXContainerItemProxy */ = {
			isa = PBXContainerItemProxy;
			containerPortal = 45E53EDA1C3F8C90001A50A1 /* Project object */;
			proxyType = 1;
			remoteGlobalIDString = 45E53EE11C3F8C90001A50A1;
			remoteInfo = SwiftPractice;
		};
		45E53F051C3F8C91001A50A1 /* PBXContainerItemProxy */ = {
			isa = PBXContainerItemProxy;
			containerPortal = 45E53EDA1C3F8C90001A50A1 /* Project object */;
			proxyType = 1;
			remoteGlobalIDString = 45E53EE11C3F8C90001A50A1;
			remoteInfo = SwiftPractice;
		};
/* End PBXContainerItemProxy section */

/* Begin PBXFileReference section */
		45207D221C71B7170051E999 /* RJCustomPresentVC.swift */ = {isa = PBXFileReference; fileEncoding = 4; lastKnownFileType = sourcecode.swift; path = RJCustomPresentVC.swift; sourceTree = "<group>"; };
		45207D251C71BC100051E999 /* BubbleTransition.swift */ = {isa = PBXFileReference; fileEncoding = 4; lastKnownFileType = sourcecode.swift; path = BubbleTransition.swift; sourceTree = "<group>"; };
		45207D271C71BCB00051E999 /* BubbleTransition.h */ = {isa = PBXFileReference; fileEncoding = 4; lastKnownFileType = sourcecode.c.h; path = BubbleTransition.h; sourceTree = "<group>"; };
		45207D281C71C4830051E999 /* RJBubblePresentedVC.swift */ = {isa = PBXFileReference; fileEncoding = 4; lastKnownFileType = sourcecode.swift; path = RJBubblePresentedVC.swift; sourceTree = "<group>"; };
		45D6549D1C4F7081002CC5D8 /* RJSignViewExampleVC.swift */ = {isa = PBXFileReference; fileEncoding = 4; lastKnownFileType = sourcecode.swift; path = RJSignViewExampleVC.swift; sourceTree = "<group>"; };
		45D6549F1C4F7542002CC5D8 /* RJHomeCell.swift */ = {isa = PBXFileReference; fileEncoding = 4; lastKnownFileType = sourcecode.swift; path = RJHomeCell.swift; sourceTree = "<group>"; };
		45DE47921C96A33700D33077 /* RJUpDownPresentingVC.swift */ = {isa = PBXFileReference; fileEncoding = 4; lastKnownFileType = sourcecode.swift; path = RJUpDownPresentingVC.swift; sourceTree = "<group>"; };
		45DE47941C96A41500D33077 /* RJUpDownPresentedVC.swift */ = {isa = PBXFileReference; fileEncoding = 4; lastKnownFileType = sourcecode.swift; path = RJUpDownPresentedVC.swift; sourceTree = "<group>"; };
		45E0C1341C97E697005D8938 /* RJUpDownTransition.swift */ = {isa = PBXFileReference; fileEncoding = 4; lastKnownFileType = sourcecode.swift; path = RJUpDownTransition.swift; sourceTree = "<group>"; };
		45E0C1371C97ED33005D8938 /* UIViewPosition.swift */ = {isa = PBXFileReference; fileEncoding = 4; lastKnownFileType = sourcecode.swift; path = UIViewPosition.swift; sourceTree = "<group>"; };
		45E53EE21C3F8C90001A50A1 /* SwiftPractice.app */ = {isa = PBXFileReference; explicitFileType = wrapper.application; includeInIndex = 0; path = SwiftPractice.app; sourceTree = BUILT_PRODUCTS_DIR; };
		45E53EE51C3F8C90001A50A1 /* AppDelegate.swift */ = {isa = PBXFileReference; lastKnownFileType = sourcecode.swift; path = AppDelegate.swift; sourceTree = "<group>"; };
		45E53EE71C3F8C90001A50A1 /* ARHomeViewController.swift */ = {isa = PBXFileReference; lastKnownFileType = sourcecode.swift; path = ARHomeViewController.swift; sourceTree = "<group>"; };
		45E53EEA1C3F8C90001A50A1 /* Base */ = {isa = PBXFileReference; lastKnownFileType = file.storyboard; name = Base; path = Base.lproj/Main.storyboard; sourceTree = "<group>"; };
		45E53EED1C3F8C90001A50A1 /* SwiftPractice.xcdatamodel */ = {isa = PBXFileReference; lastKnownFileType = wrapper.xcdatamodel; path = SwiftPractice.xcdatamodel; sourceTree = "<group>"; };
		45E53EEF1C3F8C90001A50A1 /* Assets.xcassets */ = {isa = PBXFileReference; lastKnownFileType = folder.assetcatalog; path = Assets.xcassets; sourceTree = "<group>"; };
		45E53EF21C3F8C90001A50A1 /* Base */ = {isa = PBXFileReference; lastKnownFileType = file.storyboard; name = Base; path = Base.lproj/LaunchScreen.storyboard; sourceTree = "<group>"; };
		45E53EF41C3F8C90001A50A1 /* Info.plist */ = {isa = PBXFileReference; lastKnownFileType = text.plist.xml; path = Info.plist; sourceTree = "<group>"; };
		45E53EF91C3F8C91001A50A1 /* SwiftPracticeTests.xctest */ = {isa = PBXFileReference; explicitFileType = wrapper.cfbundle; includeInIndex = 0; path = SwiftPracticeTests.xctest; sourceTree = BUILT_PRODUCTS_DIR; };
		45E53EFD1C3F8C91001A50A1 /* SwiftPracticeTests.swift */ = {isa = PBXFileReference; lastKnownFileType = sourcecode.swift; path = SwiftPracticeTests.swift; sourceTree = "<group>"; };
		45E53EFF1C3F8C91001A50A1 /* Info.plist */ = {isa = PBXFileReference; lastKnownFileType = text.plist.xml; path = Info.plist; sourceTree = "<group>"; };
		45E53F041C3F8C91001A50A1 /* SwiftPracticeUITests.xctest */ = {isa = PBXFileReference; explicitFileType = wrapper.cfbundle; includeInIndex = 0; path = SwiftPracticeUITests.xctest; sourceTree = BUILT_PRODUCTS_DIR; };
		45E53F081C3F8C91001A50A1 /* SwiftPracticeUITests.swift */ = {isa = PBXFileReference; lastKnownFileType = sourcecode.swift; path = SwiftPracticeUITests.swift; sourceTree = "<group>"; };
		45E53F0A1C3F8C91001A50A1 /* Info.plist */ = {isa = PBXFileReference; lastKnownFileType = text.plist.xml; path = Info.plist; sourceTree = "<group>"; };
		45E5B8F11C48E11B00AFBAC5 /* RJSignView.swift */ = {isa = PBXFileReference; fileEncoding = 4; lastKnownFileType = sourcecode.swift; path = RJSignView.swift; sourceTree = "<group>"; };
		5344A51495ABCAA2B8B90C0F /* Pods.release.xcconfig */ = {isa = PBXFileReference; includeInIndex = 1; lastKnownFileType = text.xcconfig; name = Pods.release.xcconfig; path = "Pods/Target Support Files/Pods/Pods.release.xcconfig"; sourceTree = "<group>"; };
		87CE52B69B49FBE07F7945A0 /* Pods.framework */ = {isa = PBXFileReference; explicitFileType = wrapper.framework; includeInIndex = 0; path = Pods.framework; sourceTree = BUILT_PRODUCTS_DIR; };
		D42011498F6DDB1B2CC210A0 /* Pods.debug.xcconfig */ = {isa = PBXFileReference; includeInIndex = 1; lastKnownFileType = text.xcconfig; name = Pods.debug.xcconfig; path = "Pods/Target Support Files/Pods/Pods.debug.xcconfig"; sourceTree = "<group>"; };
/* End PBXFileReference section */

/* Begin PBXFrameworksBuildPhase section */
		45E53EDF1C3F8C90001A50A1 /* Frameworks */ = {
			isa = PBXFrameworksBuildPhase;
			buildActionMask = 2147483647;
			files = (
				B89230CCD2459C46B0BB899E /* Pods.framework in Frameworks */,
			);
			runOnlyForDeploymentPostprocessing = 0;
		};
		45E53EF61C3F8C91001A50A1 /* Frameworks */ = {
			isa = PBXFrameworksBuildPhase;
			buildActionMask = 2147483647;
			files = (
			);
			runOnlyForDeploymentPostprocessing = 0;
		};
		45E53F011C3F8C91001A50A1 /* Frameworks */ = {
			isa = PBXFrameworksBuildPhase;
			buildActionMask = 2147483647;
			files = (
			);
			runOnlyForDeploymentPostprocessing = 0;
		};
/* End PBXFrameworksBuildPhase section */

/* Begin PBXGroup section */
		45207D241C71BBE50051E999 /* CustomPresent */ = {
			isa = PBXGroup;
			children = (
				458191941C97F7EE00FFD685 /* Transitions */,
				45207D2A1C71C5B40051E999 /* Controllers */,
			);
			name = CustomPresent;
			sourceTree = "<group>";
		};
		45207D2A1C71C5B40051E999 /* Controllers */ = {
			isa = PBXGroup;
			children = (
				45DE47911C96A31000D33077 /* UpDownTransitionVCs */,
				45DE47901C96A2FB00D33077 /* BubbleTransitionVCs */,
			);
			name = Controllers;
			sourceTree = "<group>";
		};
		458191941C97F7EE00FFD685 /* Transitions */ = {
			isa = PBXGroup;
			children = (
				45E0C1331C97E677005D8938 /* UpDownTransition */,
				45DE47961C96A5A000D33077 /* BubbleTransition */,
			);
			name = Transitions;
			sourceTree = "<group>";
		};
		45DE47901C96A2FB00D33077 /* BubbleTransitionVCs */ = {
			isa = PBXGroup;
			children = (
				45207D221C71B7170051E999 /* RJCustomPresentVC.swift */,
				45207D281C71C4830051E999 /* RJBubblePresentedVC.swift */,
			);
			name = BubbleTransitionVCs;
			sourceTree = "<group>";
		};
		45DE47911C96A31000D33077 /* UpDownTransitionVCs */ = {
			isa = PBXGroup;
			children = (
				45DE47921C96A33700D33077 /* RJUpDownPresentingVC.swift */,
				45DE47941C96A41500D33077 /* RJUpDownPresentedVC.swift */,
			);
			name = UpDownTransitionVCs;
			sourceTree = "<group>";
		};
		45DE47961C96A5A000D33077 /* BubbleTransition */ = {
			isa = PBXGroup;
			children = (
				45207D271C71BCB00051E999 /* BubbleTransition.h */,
				45207D251C71BC100051E999 /* BubbleTransition.swift */,
			);
			name = BubbleTransition;
			sourceTree = "<group>";
		};
		45E0C1331C97E677005D8938 /* UpDownTransition */ = {
			isa = PBXGroup;
			children = (
				45E0C1341C97E697005D8938 /* RJUpDownTransition.swift */,
			);
			name = UpDownTransition;
			sourceTree = "<group>";
		};
		45E0C1361C97ED09005D8938 /* Libs */ = {
			isa = PBXGroup;
			children = (
				45E0C1371C97ED33005D8938 /* UIViewPosition.swift */,
			);
			name = Libs;
			sourceTree = "<group>";
		};
		45E53ED91C3F8C90001A50A1 = {
			isa = PBXGroup;
			children = (
				45E53EE41C3F8C90001A50A1 /* SwiftPractice */,
				45E53EFC1C3F8C91001A50A1 /* SwiftPracticeTests */,
				45E53F071C3F8C91001A50A1 /* SwiftPracticeUITests */,
				45E53EE31C3F8C90001A50A1 /* Products */,
				9BB36BCBB7B79A5EA22CC41E /* Pods */,
				65A8AE5FAC0C1630BD7B7101 /* Frameworks */,
			);
			sourceTree = "<group>";
		};
		45E53EE31C3F8C90001A50A1 /* Products */ = {
			isa = PBXGroup;
			children = (
				45E53EE21C3F8C90001A50A1 /* SwiftPractice.app */,
				45E53EF91C3F8C91001A50A1 /* SwiftPracticeTests.xctest */,
				45E53F041C3F8C91001A50A1 /* SwiftPracticeUITests.xctest */,
			);
			name = Products;
			sourceTree = "<group>";
		};
		45E53EE41C3F8C90001A50A1 /* SwiftPractice */ = {
			isa = PBXGroup;
			children = (
				45E0C1361C97ED09005D8938 /* Libs */,
				45207D241C71BBE50051E999 /* CustomPresent */,
				45E5B8F01C48E10400AFBAC5 /* RJSignView */,
				45E53EE51C3F8C90001A50A1 /* AppDelegate.swift */,
				45E53EE71C3F8C90001A50A1 /* ARHomeViewController.swift */,
				45D6549D1C4F7081002CC5D8 /* RJSignViewExampleVC.swift */,
				45D6549F1C4F7542002CC5D8 /* RJHomeCell.swift */,
				45E53EE91C3F8C90001A50A1 /* Main.storyboard */,
				45E53EEF1C3F8C90001A50A1 /* Assets.xcassets */,
				45E53EF11C3F8C90001A50A1 /* LaunchScreen.storyboard */,
				45E53EF41C3F8C90001A50A1 /* Info.plist */,
				45E53EEC1C3F8C90001A50A1 /* SwiftPractice.xcdatamodeld */,
			);
			path = SwiftPractice;
			sourceTree = "<group>";
		};
		45E53EFC1C3F8C91001A50A1 /* SwiftPracticeTests */ = {
			isa = PBXGroup;
			children = (
				45E53EFD1C3F8C91001A50A1 /* SwiftPracticeTests.swift */,
				45E53EFF1C3F8C91001A50A1 /* Info.plist */,
			);
			path = SwiftPracticeTests;
			sourceTree = "<group>";
		};
		45E53F071C3F8C91001A50A1 /* SwiftPracticeUITests */ = {
			isa = PBXGroup;
			children = (
				45E53F081C3F8C91001A50A1 /* SwiftPracticeUITests.swift */,
				45E53F0A1C3F8C91001A50A1 /* Info.plist */,
			);
			path = SwiftPracticeUITests;
			sourceTree = "<group>";
		};
		45E5B8F01C48E10400AFBAC5 /* RJSignView */ = {
			isa = PBXGroup;
			children = (
				45E5B8F11C48E11B00AFBAC5 /* RJSignView.swift */,
			);
			name = RJSignView;
			sourceTree = "<group>";
		};
		65A8AE5FAC0C1630BD7B7101 /* Frameworks */ = {
			isa = PBXGroup;
			children = (
				87CE52B69B49FBE07F7945A0 /* Pods.framework */,
			);
			name = Frameworks;
			sourceTree = "<group>";
		};
		9BB36BCBB7B79A5EA22CC41E /* Pods */ = {
			isa = PBXGroup;
			children = (
				D42011498F6DDB1B2CC210A0 /* Pods.debug.xcconfig */,
				5344A51495ABCAA2B8B90C0F /* Pods.release.xcconfig */,
			);
			name = Pods;
			sourceTree = "<group>";
		};
/* End PBXGroup section */

/* Begin PBXNativeTarget section */
		45E53EE11C3F8C90001A50A1 /* SwiftPractice */ = {
			isa = PBXNativeTarget;
			buildConfigurationList = 45E53F0D1C3F8C91001A50A1 /* Build configuration list for PBXNativeTarget "SwiftPractice" */;
			buildPhases = (
				406682755C28760AF6F1EED6 /* Check Pods Manifest.lock */,
				45E53EDE1C3F8C90001A50A1 /* Sources */,
				45E53EDF1C3F8C90001A50A1 /* Frameworks */,
				45E53EE01C3F8C90001A50A1 /* Resources */,
				E3187C83061CCCF5694083B2 /* Embed Pods Frameworks */,
				896FDF0FF0E6463D289424AB /* Copy Pods Resources */,
			);
			buildRules = (
			);
			dependencies = (
			);
			name = SwiftPractice;
			productName = SwiftPractice;
			productReference = 45E53EE21C3F8C90001A50A1 /* SwiftPractice.app */;
			productType = "com.apple.product-type.application";
		};
		45E53EF81C3F8C91001A50A1 /* SwiftPracticeTests */ = {
			isa = PBXNativeTarget;
			buildConfigurationList = 45E53F101C3F8C91001A50A1 /* Build configuration list for PBXNativeTarget "SwiftPracticeTests" */;
			buildPhases = (
				45E53EF51C3F8C91001A50A1 /* Sources */,
				45E53EF61C3F8C91001A50A1 /* Frameworks */,
				45E53EF71C3F8C91001A50A1 /* Resources */,
			);
			buildRules = (
			);
			dependencies = (
				45E53EFB1C3F8C91001A50A1 /* PBXTargetDependency */,
			);
			name = SwiftPracticeTests;
			productName = SwiftPracticeTests;
			productReference = 45E53EF91C3F8C91001A50A1 /* SwiftPracticeTests.xctest */;
			productType = "com.apple.product-type.bundle.unit-test";
		};
		45E53F031C3F8C91001A50A1 /* SwiftPracticeUITests */ = {
			isa = PBXNativeTarget;
			buildConfigurationList = 45E53F131C3F8C91001A50A1 /* Build configuration list for PBXNativeTarget "SwiftPracticeUITests" */;
			buildPhases = (
				45E53F001C3F8C91001A50A1 /* Sources */,
				45E53F011C3F8C91001A50A1 /* Frameworks */,
				45E53F021C3F8C91001A50A1 /* Resources */,
			);
			buildRules = (
			);
			dependencies = (
				45E53F061C3F8C91001A50A1 /* PBXTargetDependency */,
			);
			name = SwiftPracticeUITests;
			productName = SwiftPracticeUITests;
			productReference = 45E53F041C3F8C91001A50A1 /* SwiftPracticeUITests.xctest */;
			productType = "com.apple.product-type.bundle.ui-testing";
		};
/* End PBXNativeTarget section */

/* Begin PBXProject section */
		45E53EDA1C3F8C90001A50A1 /* Project object */ = {
			isa = PBXProject;
			attributes = {
				LastSwiftUpdateCheck = 0720;
				LastUpgradeCheck = 0720;
				ORGANIZATIONNAME = rayjuneWu;
				TargetAttributes = {
					45E53EE11C3F8C90001A50A1 = {
						CreatedOnToolsVersion = 7.2;
					};
					45E53EF81C3F8C91001A50A1 = {
						CreatedOnToolsVersion = 7.2;
						TestTargetID = 45E53EE11C3F8C90001A50A1;
					};
					45E53F031C3F8C91001A50A1 = {
						CreatedOnToolsVersion = 7.2;
						TestTargetID = 45E53EE11C3F8C90001A50A1;
					};
				};
			};
			buildConfigurationList = 45E53EDD1C3F8C90001A50A1 /* Build configuration list for PBXProject "SwiftPractice" */;
			compatibilityVersion = "Xcode 3.2";
			developmentRegion = English;
			hasScannedForEncodings = 0;
			knownRegions = (
				en,
				Base,
			);
			mainGroup = 45E53ED91C3F8C90001A50A1;
			productRefGroup = 45E53EE31C3F8C90001A50A1 /* Products */;
			projectDirPath = "";
			projectRoot = "";
			targets = (
				45E53EE11C3F8C90001A50A1 /* SwiftPractice */,
				45E53EF81C3F8C91001A50A1 /* SwiftPracticeTests */,
				45E53F031C3F8C91001A50A1 /* SwiftPracticeUITests */,
			);
		};
/* End PBXProject section */

/* Begin PBXResourcesBuildPhase section */
		45E53EE01C3F8C90001A50A1 /* Resources */ = {
			isa = PBXResourcesBuildPhase;
			buildActionMask = 2147483647;
			files = (
				45E53EF31C3F8C90001A50A1 /* LaunchScreen.storyboard in Resources */,
				45E53EF01C3F8C90001A50A1 /* Assets.xcassets in Resources */,
				45E53EEB1C3F8C90001A50A1 /* Main.storyboard in Resources */,
			);
			runOnlyForDeploymentPostprocessing = 0;
		};
		45E53EF71C3F8C91001A50A1 /* Resources */ = {
			isa = PBXResourcesBuildPhase;
			buildActionMask = 2147483647;
			files = (
			);
			runOnlyForDeploymentPostprocessing = 0;
		};
		45E53F021C3F8C91001A50A1 /* Resources */ = {
			isa = PBXResourcesBuildPhase;
			buildActionMask = 2147483647;
			files = (
			);
			runOnlyForDeploymentPostprocessing = 0;
		};
/* End PBXResourcesBuildPhase section */

/* Begin PBXShellScriptBuildPhase section */
		406682755C28760AF6F1EED6 /* Check Pods Manifest.lock */ = {
			isa = PBXShellScriptBuildPhase;
			buildActionMask = 2147483647;
			files = (
			);
			inputPaths = (
			);
			name = "Check Pods Manifest.lock";
			outputPaths = (
			);
			runOnlyForDeploymentPostprocessing = 0;
			shellPath = /bin/sh;
			shellScript = "diff \"${PODS_ROOT}/../Podfile.lock\" \"${PODS_ROOT}/Manifest.lock\" > /dev/null\nif [[ $? != 0 ]] ; then\n    cat << EOM\nerror: The sandbox is not in sync with the Podfile.lock. Run 'pod install' or update your CocoaPods installation.\nEOM\n    exit 1\nfi\n";
			showEnvVarsInLog = 0;
		};
		896FDF0FF0E6463D289424AB /* Copy Pods Resources */ = {
			isa = PBXShellScriptBuildPhase;
			buildActionMask = 2147483647;
			files = (
			);
			inputPaths = (
			);
			name = "Copy Pods Resources";
			outputPaths = (
			);
			runOnlyForDeploymentPostprocessing = 0;
			shellPath = /bin/sh;
			shellScript = "\"${SRCROOT}/Pods/Target Support Files/Pods/Pods-resources.sh\"\n";
			showEnvVarsInLog = 0;
		};
		E3187C83061CCCF5694083B2 /* Embed Pods Frameworks */ = {
			isa = PBXShellScriptBuildPhase;
			buildActionMask = 2147483647;
			files = (
			);
			inputPaths = (
			);
			name = "Embed Pods Frameworks";
			outputPaths = (
			);
			runOnlyForDeploymentPostprocessing = 0;
			shellPath = /bin/sh;
			shellScript = "\"${SRCROOT}/Pods/Target Support Files/Pods/Pods-frameworks.sh\"\n";
			showEnvVarsInLog = 0;
		};
/* End PBXShellScriptBuildPhase section */

/* Begin PBXSourcesBuildPhase section */
		45E53EDE1C3F8C90001A50A1 /* Sources */ = {
			isa = PBXSourcesBuildPhase;
			buildActionMask = 2147483647;
			files = (
				45DE47931C96A33700D33077 /* RJUpDownPresentingVC.swift in Sources */,
				45207D291C71C4830051E999 /* RJBubblePresentedVC.swift in Sources */,
				45207D261C71BC100051E999 /* BubbleTransition.swift in Sources */,
				45E0C1381C97ED33005D8938 /* UIViewPosition.swift in Sources */,
				45D654A01C4F7542002CC5D8 /* RJHomeCell.swift in Sources */,
				45DE47951C96A41500D33077 /* RJUpDownPresentedVC.swift in Sources */,
				45E53EEE1C3F8C90001A50A1 /* SwiftPractice.xcdatamodeld in Sources */,
				45E53EE81C3F8C90001A50A1 /* ARHomeViewController.swift in Sources */,
				45E53EE61C3F8C90001A50A1 /* AppDelegate.swift in Sources */,
				45D6549E1C4F7081002CC5D8 /* RJSignViewExampleVC.swift in Sources */,
				45E5B8F21C48E11B00AFBAC5 /* RJSignView.swift in Sources */,
				45207D231C71B7170051E999 /* RJCustomPresentVC.swift in Sources */,
				45E0C1351C97E697005D8938 /* RJUpDownTransition.swift in Sources */,
			);
			runOnlyForDeploymentPostprocessing = 0;
		};
		45E53EF51C3F8C91001A50A1 /* Sources */ = {
			isa = PBXSourcesBuildPhase;
			buildActionMask = 2147483647;
			files = (
				45E53EFE1C3F8C91001A50A1 /* SwiftPracticeTests.swift in Sources */,
			);
			runOnlyForDeploymentPostprocessing = 0;
		};
		45E53F001C3F8C91001A50A1 /* Sources */ = {
			isa = PBXSourcesBuildPhase;
			buildActionMask = 2147483647;
			files = (
				45E53F091C3F8C91001A50A1 /* SwiftPracticeUITests.swift in Sources */,
			);
			runOnlyForDeploymentPostprocessing = 0;
		};
/* End PBXSourcesBuildPhase section */

/* Begin PBXTargetDependency section */
		45E53EFB1C3F8C91001A50A1 /* PBXTargetDependency */ = {
			isa = PBXTargetDependency;
			target = 45E53EE11C3F8C90001A50A1 /* SwiftPractice */;
			targetProxy = 45E53EFA1C3F8C91001A50A1 /* PBXContainerItemProxy */;
		};
		45E53F061C3F8C91001A50A1 /* PBXTargetDependency */ = {
			isa = PBXTargetDependency;
			target = 45E53EE11C3F8C90001A50A1 /* SwiftPractice */;
			targetProxy = 45E53F051C3F8C91001A50A1 /* PBXContainerItemProxy */;
		};
/* End PBXTargetDependency section */

/* Begin PBXVariantGroup section */
		45E53EE91C3F8C90001A50A1 /* Main.storyboard */ = {
			isa = PBXVariantGroup;
			children = (
				45E53EEA1C3F8C90001A50A1 /* Base */,
			);
			name = Main.storyboard;
			sourceTree = "<group>";
		};
		45E53EF11C3F8C90001A50A1 /* LaunchScreen.storyboard */ = {
			isa = PBXVariantGroup;
			children = (
				45E53EF21C3F8C90001A50A1 /* Base */,
			);
			name = LaunchScreen.storyboard;
			sourceTree = "<group>";
		};
/* End PBXVariantGroup section */

/* Begin XCBuildConfiguration section */
		45E53F0B1C3F8C91001A50A1 /* Debug */ = {
			isa = XCBuildConfiguration;
			buildSettings = {
				ALWAYS_SEARCH_USER_PATHS = NO;
				CLANG_CXX_LANGUAGE_STANDARD = "gnu++0x";
				CLANG_CXX_LIBRARY = "libc++";
				CLANG_ENABLE_MODULES = YES;
				CLANG_ENABLE_OBJC_ARC = YES;
				CLANG_WARN_BOOL_CONVERSION = YES;
				CLANG_WARN_CONSTANT_CONVERSION = YES;
				CLANG_WARN_DIRECT_OBJC_ISA_USAGE = YES_ERROR;
				CLANG_WARN_EMPTY_BODY = YES;
				CLANG_WARN_ENUM_CONVERSION = YES;
				CLANG_WARN_INT_CONVERSION = YES;
				CLANG_WARN_OBJC_ROOT_CLASS = YES_ERROR;
				CLANG_WARN_UNREACHABLE_CODE = YES;
				CLANG_WARN__DUPLICATE_METHOD_MATCH = YES;
				"CODE_SIGN_IDENTITY[sdk=iphoneos*]" = "iPhone Developer";
				COPY_PHASE_STRIP = NO;
				DEBUG_INFORMATION_FORMAT = dwarf;
				ENABLE_STRICT_OBJC_MSGSEND = YES;
				ENABLE_TESTABILITY = YES;
				GCC_C_LANGUAGE_STANDARD = gnu99;
				GCC_DYNAMIC_NO_PIC = NO;
				GCC_NO_COMMON_BLOCKS = YES;
				GCC_OPTIMIZATION_LEVEL = 0;
				GCC_PREPROCESSOR_DEFINITIONS = (
					"DEBUG=1",
					"$(inherited)",
				);
				GCC_WARN_64_TO_32_BIT_CONVERSION = YES;
				GCC_WARN_ABOUT_RETURN_TYPE = YES_ERROR;
				GCC_WARN_UNDECLARED_SELECTOR = YES;
				GCC_WARN_UNINITIALIZED_AUTOS = YES_AGGRESSIVE;
				GCC_WARN_UNUSED_FUNCTION = YES;
				GCC_WARN_UNUSED_VARIABLE = YES;
				IPHONEOS_DEPLOYMENT_TARGET = 9.2;
				MTL_ENABLE_DEBUG_INFO = YES;
				ONLY_ACTIVE_ARCH = YES;
				SDKROOT = iphoneos;
				SWIFT_OPTIMIZATION_LEVEL = "-Onone";
			};
			name = Debug;
		};
		45E53F0C1C3F8C91001A50A1 /* Release */ = {
			isa = XCBuildConfiguration;
			buildSettings = {
				ALWAYS_SEARCH_USER_PATHS = NO;
				CLANG_CXX_LANGUAGE_STANDARD = "gnu++0x";
				CLANG_CXX_LIBRARY = "libc++";
				CLANG_ENABLE_MODULES = YES;
				CLANG_ENABLE_OBJC_ARC = YES;
				CLANG_WARN_BOOL_CONVERSION = YES;
				CLANG_WARN_CONSTANT_CONVERSION = YES;
				CLANG_WARN_DIRECT_OBJC_ISA_USAGE = YES_ERROR;
				CLANG_WARN_EMPTY_BODY = YES;
				CLANG_WARN_ENUM_CONVERSION = YES;
				CLANG_WARN_INT_CONVERSION = YES;
				CLANG_WARN_OBJC_ROOT_CLASS = YES_ERROR;
				CLANG_WARN_UNREACHABLE_CODE = YES;
				CLANG_WARN__DUPLICATE_METHOD_MATCH = YES;
				"CODE_SIGN_IDENTITY[sdk=iphoneos*]" = "iPhone Developer";
				COPY_PHASE_STRIP = NO;
				DEBUG_INFORMATION_FORMAT = "dwarf-with-dsym";
				ENABLE_NS_ASSERTIONS = NO;
				ENABLE_STRICT_OBJC_MSGSEND = YES;
				GCC_C_LANGUAGE_STANDARD = gnu99;
				GCC_NO_COMMON_BLOCKS = YES;
				GCC_WARN_64_TO_32_BIT_CONVERSION = YES;
				GCC_WARN_ABOUT_RETURN_TYPE = YES_ERROR;
				GCC_WARN_UNDECLARED_SELECTOR = YES;
				GCC_WARN_UNINITIALIZED_AUTOS = YES_AGGRESSIVE;
				GCC_WARN_UNUSED_FUNCTION = YES;
				GCC_WARN_UNUSED_VARIABLE = YES;
				IPHONEOS_DEPLOYMENT_TARGET = 9.2;
				MTL_ENABLE_DEBUG_INFO = NO;
				SDKROOT = iphoneos;
				VALIDATE_PRODUCT = YES;
			};
			name = Release;
		};
		45E53F0E1C3F8C91001A50A1 /* Debug */ = {
			isa = XCBuildConfiguration;
			baseConfigurationReference = D42011498F6DDB1B2CC210A0 /* Pods.debug.xcconfig */;
			buildSettings = {
				ASSETCATALOG_COMPILER_APPICON_NAME = AppIcon;
				INFOPLIST_FILE = SwiftPractice/Info.plist;
				LD_RUNPATH_SEARCH_PATHS = "$(inherited) @executable_path/Frameworks";
				PRODUCT_BUNDLE_IDENTIFIER = com.hesheng.SwiftPractice;
				PRODUCT_NAME = "$(TARGET_NAME)";
			};
			name = Debug;
		};
		45E53F0F1C3F8C91001A50A1 /* Release */ = {
			isa = XCBuildConfiguration;
			baseConfigurationReference = 5344A51495ABCAA2B8B90C0F /* Pods.release.xcconfig */;
			buildSettings = {
				ASSETCATALOG_COMPILER_APPICON_NAME = AppIcon;
				INFOPLIST_FILE = SwiftPractice/Info.plist;
				LD_RUNPATH_SEARCH_PATHS = "$(inherited) @executable_path/Frameworks";
				PRODUCT_BUNDLE_IDENTIFIER = com.hesheng.SwiftPractice;
				PRODUCT_NAME = "$(TARGET_NAME)";
			};
			name = Release;
		};
		45E53F111C3F8C91001A50A1 /* Debug */ = {
			isa = XCBuildConfiguration;
			buildSettings = {
				BUNDLE_LOADER = "$(TEST_HOST)";
				INFOPLIST_FILE = SwiftPracticeTests/Info.plist;
				LD_RUNPATH_SEARCH_PATHS = "$(inherited) @executable_path/Frameworks @loader_path/Frameworks";
				PRODUCT_BUNDLE_IDENTIFIER = com.hesheng.SwiftPracticeTests;
				PRODUCT_NAME = "$(TARGET_NAME)";
				TEST_HOST = "$(BUILT_PRODUCTS_DIR)/SwiftPractice.app/SwiftPractice";
			};
			name = Debug;
		};
		45E53F121C3F8C91001A50A1 /* Release */ = {
			isa = XCBuildConfiguration;
			buildSettings = {
				BUNDLE_LOADER = "$(TEST_HOST)";
				INFOPLIST_FILE = SwiftPracticeTests/Info.plist;
				LD_RUNPATH_SEARCH_PATHS = "$(inherited) @executable_path/Frameworks @loader_path/Frameworks";
				PRODUCT_BUNDLE_IDENTIFIER = com.hesheng.SwiftPracticeTests;
				PRODUCT_NAME = "$(TARGET_NAME)";
				TEST_HOST = "$(BUILT_PRODUCTS_DIR)/SwiftPractice.app/SwiftPractice";
			};
			name = Release;
		};
		45E53F141C3F8C91001A50A1 /* Debug */ = {
			isa = XCBuildConfiguration;
			buildSettings = {
				INFOPLIST_FILE = SwiftPracticeUITests/Info.plist;
				LD_RUNPATH_SEARCH_PATHS = "$(inherited) @executable_path/Frameworks @loader_path/Frameworks";
				PRODUCT_BUNDLE_IDENTIFIER = com.hesheng.SwiftPracticeUITests;
				PRODUCT_NAME = "$(TARGET_NAME)";
				TEST_TARGET_NAME = SwiftPractice;
				USES_XCTRUNNER = YES;
			};
			name = Debug;
		};
		45E53F151C3F8C91001A50A1 /* Release */ = {
			isa = XCBuildConfiguration;
			buildSettings = {
				INFOPLIST_FILE = SwiftPracticeUITests/Info.plist;
				LD_RUNPATH_SEARCH_PATHS = "$(inherited) @executable_path/Frameworks @loader_path/Frameworks";
				PRODUCT_BUNDLE_IDENTIFIER = com.hesheng.SwiftPracticeUITests;
				PRODUCT_NAME = "$(TARGET_NAME)";
				TEST_TARGET_NAME = SwiftPractice;
				USES_XCTRUNNER = YES;
			};
			name = Release;
		};
/* End XCBuildConfiguration section */

/* Begin XCConfigurationList section */
		45E53EDD1C3F8C90001A50A1 /* Build configuration list for PBXProject "SwiftPractice" */ = {
			isa = XCConfigurationList;
			buildConfigurations = (
				45E53F0B1C3F8C91001A50A1 /* Debug */,
				45E53F0C1C3F8C91001A50A1 /* Release */,
			);
			defaultConfigurationIsVisible = 0;
			defaultConfigurationName = Release;
		};
		45E53F0D1C3F8C91001A50A1 /* Build configuration list for PBXNativeTarget "SwiftPractice" */ = {
			isa = XCConfigurationList;
			buildConfigurations = (
				45E53F0E1C3F8C91001A50A1 /* Debug */,
				45E53F0F1C3F8C91001A50A1 /* Release */,
			);
			defaultConfigurationIsVisible = 0;
			defaultConfigurationName = Release;
		};
		45E53F101C3F8C91001A50A1 /* Build configuration list for PBXNativeTarget "SwiftPracticeTests" */ = {
			isa = XCConfigurationList;
			buildConfigurations = (
				45E53F111C3F8C91001A50A1 /* Debug */,
				45E53F121C3F8C91001A50A1 /* Release */,
			);
			defaultConfigurationIsVisible = 0;
			defaultConfigurationName = Release;
		};
		45E53F131C3F8C91001A50A1 /* Build configuration list for PBXNativeTarget "SwiftPracticeUITests" */ = {
			isa = XCConfigurationList;
			buildConfigurations = (
				45E53F141C3F8C91001A50A1 /* Debug */,
				45E53F151C3F8C91001A50A1 /* Release */,
			);
			defaultConfigurationIsVisible = 0;
			defaultConfigurationName = Release;
		};
/* End XCConfigurationList section */

/* Begin XCVersionGroup section */
		45E53EEC1C3F8C90001A50A1 /* SwiftPractice.xcdatamodeld */ = {
			isa = XCVersionGroup;
			children = (
				45E53EED1C3F8C90001A50A1 /* SwiftPractice.xcdatamodel */,
			);
			currentVersion = 45E53EED1C3F8C90001A50A1 /* SwiftPractice.xcdatamodel */;
			path = SwiftPractice.xcdatamodeld;
			sourceTree = "<group>";
			versionGroupType = wrapper.xcdatamodel;
		};
/* End XCVersionGroup section */
	};
	rootObject = 45E53EDA1C3F8C90001A50A1 /* Project object */;
}
